
Microsoft Visual Studio Solution File, Format Version 12.00
# Visual Studio Version 17
VisualStudioVersion = 17.2.32616.157
MinimumVisualStudioVersion = 10.0.40219.1
Project("{FAE04EC0-301F-11D3-BF4B-00C04F79EFBC}") = "cap1", "cap1\cap1.csproj", "{61B9D00E-1F8A-4A2D-A94C-7F2532E507AA}"
EndProject
Global
	GlobalSection(SolutionConfigurationPlatforms) = preSolution
		Debug|Any CPU = Debug|Any CPU
		Release|Any CPU = Release|Any CPU
	EndGlobalSection
	GlobalSection(ProjectConfigurationPlatforms) = postSolution
		{61B9D00E-1F8A-4A2D-A94C-7F2532E507AA}.Debug|Any CPU.ActiveCfg = Debug|Any CPU
		{61B9D00E-1F8A-4A2D-A94C-7F2532E507AA}.Debug|Any CPU.Build.0 = Debug|Any CPU
		{61B9D00E-1F8A-4A2D-A94C-7F2532E507AA}.Release|Any CPU.ActiveCfg = Release|Any CPU
		{61B9D00E-1F8A-4A2D-A94C-7F2532E507AA}.Release|Any CPU.Build.0 = Release|Any CPU
	EndGlobalSection
	GlobalSection(SolutionProperties) = preSolution
		HideSolutionNode = FALSE
	EndGlobalSection
	GlobalSection(ExtensibilityGlobals) = postSolution
		SolutionGuid = {06DB0BBD-782E-4AEC-B0EE-D069D3F0BE42}
	EndGlobalSection
EndGlobal
